// !$*UTF8*$!
{
	archiveVersion = 1;
	classes = {
	};
	objectVersion = 50;
	objects = {

/* Begin PBXBuildFile section */
		3B178D5C21554204006459C3 /* AppDelegate.m in Sources */ = {isa = PBXBuildFile; fileRef = 3B178D5B21554204006459C3 /* AppDelegate.m */; };
		3B178D6221554204006459C3 /* Main.storyboard in Resources */ = {isa = PBXBuildFile; fileRef = 3B178D6021554204006459C3 /* Main.storyboard */; };
		3B178D6421554204006459C3 /* Assets.xcassets in Resources */ = {isa = PBXBuildFile; fileRef = 3B178D6321554204006459C3 /* Assets.xcassets */; };
		3B178D6721554204006459C3 /* LaunchScreen.storyboard in Resources */ = {isa = PBXBuildFile; fileRef = 3B178D6521554204006459C3 /* LaunchScreen.storyboard */; };
		3B178D6A21554204006459C3 /* main.m in Sources */ = {isa = PBXBuildFile; fileRef = 3B178D6921554204006459C3 /* main.m */; };
		3B178D78215543D1006459C3 /* KWEMovie.m in Sources */ = {isa = PBXBuildFile; fileRef = 3B178D77215543D1006459C3 /* KWEMovie.m */; };
		3B178D7B215543F1006459C3 /* KWEMovieController.m in Sources */ = {isa = PBXBuildFile; fileRef = 3B178D7A215543F1006459C3 /* KWEMovieController.m */; };
		3B178D8421555DE3006459C3 /* MovieListTableViewController.swift in Sources */ = {isa = PBXBuildFile; fileRef = 3B178D8321555DE3006459C3 /* MovieListTableViewController.swift */; };
		3B178D8621555DFC006459C3 /* MovieTableViewCell.swift in Sources */ = {isa = PBXBuildFile; fileRef = 3B178D8521555DFC006459C3 /* MovieTableViewCell.swift */; };
/* End PBXBuildFile section */

/* Begin PBXFileReference section */
		3B178D5721554204006459C3 /* movieSearch_ObjC.app */ = {isa = PBXFileReference; explicitFileType = wrapper.application; includeInIndex = 0; path = movieSearch_ObjC.app; sourceTree = BUILT_PRODUCTS_DIR; };
		3B178D5A21554204006459C3 /* AppDelegate.h */ = {isa = PBXFileReference; lastKnownFileType = sourcecode.c.h; path = AppDelegate.h; sourceTree = "<group>"; };
		3B178D5B21554204006459C3 /* AppDelegate.m */ = {isa = PBXFileReference; lastKnownFileType = sourcecode.c.objc; path = AppDelegate.m; sourceTree = "<group>"; };
		3B178D6121554204006459C3 /* Base */ = {isa = PBXFileReference; lastKnownFileType = file.storyboard; name = Base; path = Base.lproj/Main.storyboard; sourceTree = "<group>"; };
		3B178D6321554204006459C3 /* Assets.xcassets */ = {isa = PBXFileReference; lastKnownFileType = folder.assetcatalog; path = Assets.xcassets; sourceTree = "<group>"; };
		3B178D6621554204006459C3 /* Base */ = {isa = PBXFileReference; lastKnownFileType = file.storyboard; name = Base; path = Base.lproj/LaunchScreen.storyboard; sourceTree = "<group>"; };
		3B178D6821554204006459C3 /* Info.plist */ = {isa = PBXFileReference; lastKnownFileType = text.plist.xml; path = Info.plist; sourceTree = "<group>"; };
		3B178D6921554204006459C3 /* main.m */ = {isa = PBXFileReference; lastKnownFileType = sourcecode.c.objc; path = main.m; sourceTree = "<group>"; };
		3B178D76215543D1006459C3 /* KWEMovie.h */ = {isa = PBXFileReference; lastKnownFileType = sourcecode.c.h; path = KWEMovie.h; sourceTree = "<group>"; };
		3B178D77215543D1006459C3 /* KWEMovie.m */ = {isa = PBXFileReference; lastKnownFileType = sourcecode.c.objc; path = KWEMovie.m; sourceTree = "<group>"; };
		3B178D79215543F1006459C3 /* KWEMovieController.h */ = {isa = PBXFileReference; lastKnownFileType = sourcecode.c.h; path = KWEMovieController.h; sourceTree = "<group>"; };
		3B178D7A215543F1006459C3 /* KWEMovieController.m */ = {isa = PBXFileReference; lastKnownFileType = sourcecode.c.objc; path = KWEMovieController.m; sourceTree = "<group>"; };
		3B178D8221555DE3006459C3 /* movieSearch_ObjC-Bridging-Header.h */ = {isa = PBXFileReference; lastKnownFileType = sourcecode.c.h; path = "movieSearch_ObjC-Bridging-Header.h"; sourceTree = "<group>"; };
		3B178D8321555DE3006459C3 /* MovieListTableViewController.swift */ = {isa = PBXFileReference; lastKnownFileType = sourcecode.swift; path = MovieListTableViewController.swift; sourceTree = "<group>"; };
		3B178D8521555DFC006459C3 /* MovieTableViewCell.swift */ = {isa = PBXFileReference; lastKnownFileType = sourcecode.swift; path = MovieTableViewCell.swift; sourceTree = "<group>"; };
/* End PBXFileReference section */

/* Begin PBXFrameworksBuildPhase section */
		3B178D5421554204006459C3 /* Frameworks */ = {
			isa = PBXFrameworksBuildPhase;
			buildActionMask = 2147483647;
			files = (
			);
			runOnlyForDeploymentPostprocessing = 0;
		};
/* End PBXFrameworksBuildPhase section */

/* Begin PBXGroup section */
		3B178D4E21554204006459C3 = {
			isa = PBXGroup;
			children = (
				3B178D5921554204006459C3 /* movieSearch_ObjC */,
				3B178D5821554204006459C3 /* Products */,
			);
			sourceTree = "<group>";
		};
		3B178D5821554204006459C3 /* Products */ = {
			isa = PBXGroup;
			children = (
				3B178D5721554204006459C3 /* movieSearch_ObjC.app */,
			);
			name = Products;
			sourceTree = "<group>";
		};
		3B178D5921554204006459C3 /* movieSearch_ObjC */ = {
			isa = PBXGroup;
			children = (
				3B178D7521554393006459C3 /* ViewControllers */,
				3B178D742155438C006459C3 /* Views */,
				3B178D732155437D006459C3 /* Networking Client */,
				3B178D7221554377006459C3 /* Model */,
				3B178D7121554371006459C3 /* UI */,
				3B178D7021554360006459C3 /* Resources */,
			);
			path = movieSearch_ObjC;
			sourceTree = "<group>";
		};
		3B178D7021554360006459C3 /* Resources */ = {
			isa = PBXGroup;
			children = (
				3B178D5A21554204006459C3 /* AppDelegate.h */,
				3B178D5B21554204006459C3 /* AppDelegate.m */,
				3B178D6321554204006459C3 /* Assets.xcassets */,
				3B178D6521554204006459C3 /* LaunchScreen.storyboard */,
				3B178D6821554204006459C3 /* Info.plist */,
				3B178D6921554204006459C3 /* main.m */,
			);
			path = Resources;
			sourceTree = "<group>";
		};
		3B178D7121554371006459C3 /* UI */ = {
			isa = PBXGroup;
			children = (
				3B178D6021554204006459C3 /* Main.storyboard */,
			);
			path = UI;
			sourceTree = "<group>";
		};
		3B178D7221554377006459C3 /* Model */ = {
			isa = PBXGroup;
			children = (
				3B178D76215543D1006459C3 /* KWEMovie.h */,
				3B178D77215543D1006459C3 /* KWEMovie.m */,
			);
			path = Model;
			sourceTree = "<group>";
		};
		3B178D732155437D006459C3 /* Networking Client */ = {
			isa = PBXGroup;
			children = (
				3B178D79215543F1006459C3 /* KWEMovieController.h */,
				3B178D7A215543F1006459C3 /* KWEMovieController.m */,
			);
			path = "Networking Client";
			sourceTree = "<group>";
		};
		3B178D742155438C006459C3 /* Views */ = {
			isa = PBXGroup;
			children = (
				3B178D8521555DFC006459C3 /* MovieTableViewCell.swift */,
			);
			path = Views;
			sourceTree = "<group>";
		};
		3B178D7521554393006459C3 /* ViewControllers */ = {
			isa = PBXGroup;
			children = (
				3B178D8321555DE3006459C3 /* MovieListTableViewController.swift */,
				3B178D8221555DE3006459C3 /* movieSearch_ObjC-Bridging-Header.h */,
			);
			path = ViewControllers;
			sourceTree = "<group>";
		};
/* End PBXGroup section */

/* Begin PBXNativeTarget section */
		3B178D5621554204006459C3 /* movieSearch_ObjC */ = {
			isa = PBXNativeTarget;
			buildConfigurationList = 3B178D6D21554204006459C3 /* Build configuration list for PBXNativeTarget "movieSearch_ObjC" */;
			buildPhases = (
				3B178D5321554204006459C3 /* Sources */,
				3B178D5421554204006459C3 /* Frameworks */,
				3B178D5521554204006459C3 /* Resources */,
			);
			buildRules = (
			);
			dependencies = (
			);
			name = movieSearch_ObjC;
			productName = movieSearch_ObjC;
			productReference = 3B178D5721554204006459C3 /* movieSearch_ObjC.app */;
			productType = "com.apple.product-type.application";
		};
/* End PBXNativeTarget section */

/* Begin PBXProject section */
		3B178D4F21554204006459C3 /* Project object */ = {
			isa = PBXProject;
			attributes = {
				CLASSPREFIX = KWE;
				LastUpgradeCheck = 0940;
				ORGANIZATIONNAME = "Kamil Wrobel";
				TargetAttributes = {
					3B178D5621554204006459C3 = {
						CreatedOnToolsVersion = 9.4.1;
						LastSwiftMigration = 0940;
					};
				};
			};
			buildConfigurationList = 3B178D5221554204006459C3 /* Build configuration list for PBXProject "movieSearch_ObjC" */;
			compatibilityVersion = "Xcode 9.3";
			developmentRegion = en;
			hasScannedForEncodings = 0;
			knownRegions = (
				en,
				Base,
			);
			mainGroup = 3B178D4E21554204006459C3;
			productRefGroup = 3B178D5821554204006459C3 /* Products */;
			projectDirPath = "";
			projectRoot = "";
			targets = (
				3B178D5621554204006459C3 /* movieSearch_ObjC */,
			);
		};
/* End PBXProject section */

/* Begin PBXResourcesBuildPhase section */
		3B178D5521554204006459C3 /* Resources */ = {
			isa = PBXResourcesBuildPhase;
			buildActionMask = 2147483647;
			files = (
				3B178D6721554204006459C3 /* LaunchScreen.storyboard in Resources */,
				3B178D6421554204006459C3 /* Assets.xcassets in Resources */,
				3B178D6221554204006459C3 /* Main.storyboard in Resources */,
			);
			runOnlyForDeploymentPostprocessing = 0;
		};
/* End PBXResourcesBuildPhase section */

/* Begin PBXSourcesBuildPhase section */
		3B178D5321554204006459C3 /* Sources */ = {
			isa = PBXSourcesBuildPhase;
			buildActionMask = 2147483647;
			files = (
				3B178D6A21554204006459C3 /* main.m in Sources */,
				3B178D5C21554204006459C3 /* AppDelegate.m in Sources */,
				3B178D8621555DFC006459C3 /* MovieTableViewCell.swift in Sources */,
				3B178D7B215543F1006459C3 /* KWEMovieController.m in Sources */,
				3B178D78215543D1006459C3 /* KWEMovie.m in Sources */,
				3B178D8421555DE3006459C3 /* MovieListTableViewController.swift in Sources */,
			);
			runOnlyForDeploymentPostprocessing = 0;
		};
/* End PBXSourcesBuildPhase section */

/* Begin PBXVariantGroup section */
		3B178D6021554204006459C3 /* Main.storyboard */ = {
			isa = PBXVariantGroup;
			children = (
				3B178D6121554204006459C3 /* Base */,
			);
			name = Main.storyboard;
			sourceTree = "<group>";
		};
		3B178D6521554204006459C3 /* LaunchScreen.storyboard */ = {
			isa = PBXVariantGroup;
			children = (
				3B178D6621554204006459C3 /* Base */,
			);
			name = LaunchScreen.storyboard;
			sourceTree = "<group>";
		};
/* End PBXVariantGroup section */

/* Begin XCBuildConfiguration section */
		3B178D6B21554204006459C3 /* Debug */ = {
			isa = XCBuildConfiguration;
			buildSettings = {
				ALWAYS_SEARCH_USER_PATHS = NO;
				CLANG_ANALYZER_NONNULL = YES;
				CLANG_ANALYZER_NUMBER_OBJECT_CONVERSION = YES_AGGRESSIVE;
				CLANG_CXX_LANGUAGE_STANDARD = "gnu++14";
				CLANG_CXX_LIBRARY = "libc++";
				CLANG_ENABLE_MODULES = YES;
				CLANG_ENABLE_OBJC_ARC = YES;
				CLANG_ENABLE_OBJC_WEAK = YES;
				CLANG_WARN_BLOCK_CAPTURE_AUTORELEASING = YES;
				CLANG_WARN_BOOL_CONVERSION = YES;
				CLANG_WARN_COMMA = YES;
				CLANG_WARN_CONSTANT_CONVERSION = YES;
				CLANG_WARN_DEPRECATED_OBJC_IMPLEMENTATIONS = YES;
				CLANG_WARN_DIRECT_OBJC_ISA_USAGE = YES_ERROR;
				CLANG_WARN_DOCUMENTATION_COMMENTS = YES;
				CLANG_WARN_EMPTY_BODY = YES;
				CLANG_WARN_ENUM_CONVERSION = YES;
				CLANG_WARN_INFINITE_RECURSION = YES;
				CLANG_WARN_INT_CONVERSION = YES;
				CLANG_WARN_NON_LITERAL_NULL_CONVERSION = YES;
				CLANG_WARN_OBJC_IMPLICIT_RETAIN_SELF = YES;
				CLANG_WARN_OBJC_LITERAL_CONVERSION = YES;
				CLANG_WARN_OBJC_ROOT_CLASS = YES_ERROR;
				CLANG_WARN_RANGE_LOOP_ANALYSIS = YES;
				CLANG_WARN_STRICT_PROTOTYPES = YES;
				CLANG_WARN_SUSPICIOUS_MOVE = YES;
				CLANG_WARN_UNGUARDED_AVAILABILITY = YES_AGGRESSIVE;
				CLANG_WARN_UNREACHABLE_CODE = YES;
				CLANG_WARN__DUPLICATE_METHOD_MATCH = YES;
				CODE_SIGN_IDENTITY = "iPhone Developer";
				COPY_PHASE_STRIP = NO;
				DEBUG_INFORMATION_FORMAT = dwarf;
				ENABLE_STRICT_OBJC_MSGSEND = YES;
				ENABLE_TESTABILITY = YES;
				GCC_C_LANGUAGE_STANDARD = gnu11;
				GCC_DYNAMIC_NO_PIC = NO;
				GCC_NO_COMMON_BLOCKS = YES;
				GCC_OPTIMIZATION_LEVEL = 0;
				GCC_PREPROCESSOR_DEFINITIONS = (
					"DEBUG=1",
					"$(inherited)",
				);
				GCC_WARN_64_TO_32_BIT_CONVERSION = YES;
				GCC_WARN_ABOUT_RETURN_TYPE = YES_ERROR;
				GCC_WARN_UNDECLARED_SELECTOR = YES;
				GCC_WARN_UNINITIALIZED_AUTOS = YES_AGGRESSIVE;
				GCC_WARN_UNUSED_FUNCTION = YES;
				GCC_WARN_UNUSED_VARIABLE = YES;
				IPHONEOS_DEPLOYMENT_TARGET = 11.4;
				MTL_ENABLE_DEBUG_INFO = YES;
				ONLY_ACTIVE_ARCH = YES;
				SDKROOT = iphoneos;
			};
			name = Debug;
		};
		3B178D6C21554204006459C3 /* Release */ = {
			isa = XCBuildConfiguration;
			buildSettings = {
				ALWAYS_SEARCH_USER_PATHS = NO;
				CLANG_ANALYZER_NONNULL = YES;
				CLANG_ANALYZER_NUMBER_OBJECT_CONVERSION = YES_AGGRESSIVE;
				CLANG_CXX_LANGUAGE_STANDARD = "gnu++14";
				CLANG_CXX_LIBRARY = "libc++";
				CLANG_ENABLE_MODULES = YES;
				CLANG_ENABLE_OBJC_ARC = YES;
				CLANG_ENABLE_OBJC_WEAK = YES;
				CLANG_WARN_BLOCK_CAPTURE_AUTORELEASING = YES;
				CLANG_WARN_BOOL_CONVERSION = YES;
				CLANG_WARN_COMMA = YES;
				CLANG_WARN_CONSTANT_CONVERSION = YES;
				CLANG_WARN_DEPRECATED_OBJC_IMPLEMENTATIONS = YES;
				CLANG_WARN_DIRECT_OBJC_ISA_USAGE = YES_ERROR;
				CLANG_WARN_DOCUMENTATION_COMMENTS = YES;
				CLANG_WARN_EMPTY_BODY = YES;
				CLANG_WARN_ENUM_CONVERSION = YES;
				CLANG_WARN_INFINITE_RECURSION = YES;
				CLANG_WARN_INT_CONVERSION = YES;
				CLANG_WARN_NON_LITERAL_NULL_CONVERSION = YES;
				CLANG_WARN_OBJC_IMPLICIT_RETAIN_SELF = YES;
				CLANG_WARN_OBJC_LITERAL_CONVERSION = YES;
				CLANG_WARN_OBJC_ROOT_CLASS = YES_ERROR;
				CLANG_WARN_RANGE_LOOP_ANALYSIS = YES;
				CLANG_WARN_STRICT_PROTOTYPES = YES;
				CLANG_WARN_SUSPICIOUS_MOVE = YES;
				CLANG_WARN_UNGUARDED_AVAILABILITY = YES_AGGRESSIVE;
				CLANG_WARN_UNREACHABLE_CODE = YES;
				CLANG_WARN__DUPLICATE_METHOD_MATCH = YES;
				CODE_SIGN_IDENTITY = "iPhone Developer";
				COPY_PHASE_STRIP = NO;
				DEBUG_INFORMATION_FORMAT = "dwarf-with-dsym";
				ENABLE_NS_ASSERTIONS = NO;
				ENABLE_STRICT_OBJC_MSGSEND = YES;
				GCC_C_LANGUAGE_STANDARD = gnu11;
				GCC_NO_COMMON_BLOCKS = YES;
				GCC_WARN_64_TO_32_BIT_CONVERSION = YES;
				GCC_WARN_ABOUT_RETURN_TYPE = YES_ERROR;
				GCC_WARN_UNDECLARED_SELECTOR = YES;
				GCC_WARN_UNINITIALIZED_AUTOS = YES_AGGRESSIVE;
				GCC_WARN_UNUSED_FUNCTION = YES;
				GCC_WARN_UNUSED_VARIABLE = YES;
				IPHONEOS_DEPLOYMENT_TARGET = 11.4;
				MTL_ENABLE_DEBUG_INFO = NO;
				SDKROOT = iphoneos;
				VALIDATE_PRODUCT = YES;
			};
			name = Release;
		};
		3B178D6E21554204006459C3 /* Debug */ = {
			isa = XCBuildConfiguration;
			buildSettings = {
				ASSETCATALOG_COMPILER_APPICON_NAME = AppIcon;
				CLANG_ENABLE_MODULES = YES;
				CODE_SIGN_STYLE = Automatic;
				DEVELOPMENT_TEAM = 5EAUJPVR66;
				INFOPLIST_FILE = "$(SRCROOT)/movieSearch_ObjC/Resources/Info.plist";
				LD_RUNPATH_SEARCH_PATHS = (
					"$(inherited)",
					"@executable_path/Frameworks",
				);
				PRODUCT_BUNDLE_IDENTIFIER = "com.xwrobelekx.movieSearch-ObjC";
				PRODUCT_NAME = "$(TARGET_NAME)";
				SWIFT_OBJC_BRIDGING_HEADER = "movieSearch_ObjC/ViewControllers/movieSearch_ObjC-Bridging-Header.h";
				SWIFT_OPTIMIZATION_LEVEL = "-Onone";
				SWIFT_VERSION = 3.0;
				TARGETED_DEVICE_FAMILY = "1,2";
			};
			name = Debug;
		};
		3B178D6F21554204006459C3 /* Release */ = {
			isa = XCBuildConfiguration;
			buildSettings = {
				ASSETCATALOG_COMPILER_APPICON_NAME = AppIcon;
				CLANG_ENABLE_MODULES = YES;
				CODE_SIGN_STYLE = Automatic;
				DEVELOPMENT_TEAM = 5EAUJPVR66;
				INFOPLIST_FILE = "$(SRCROOT)/movieSearch_ObjC/Resources/Info.plist";
				LD_RUNPATH_SEARCH_PATHS = (
					"$(inherited)",
					"@executable_path/Frameworks",
				);
				PRODUCT_BUNDLE_IDENTIFIER = "com.xwrobelekx.movieSearch-ObjC";
				PRODUCT_NAME = "$(TARGET_NAME)";
				SWIFT_OBJC_BRIDGING_HEADER = "movieSearch_ObjC/ViewControllers/movieSearch_ObjC-Bridging-Header.h";
				SWIFT_VERSION = 3.0;
				TARGETED_DEVICE_FAMILY = "1,2";
			};
			name = Release;
		};
/* End XCBuildConfiguration section */

/* Begin XCConfigurationList section */
		3B178D5221554204006459C3 /* Build configuration list for PBXProject "movieSearch_ObjC" */ = {
			isa = XCConfigurationList;
			buildConfigurations = (
				3B178D6B21554204006459C3 /* Debug */,
				3B178D6C21554204006459C3 /* Release */,
			);
			defaultConfigurationIsVisible = 0;
			defaultConfigurationName = Release;
		};
		3B178D6D21554204006459C3 /* Build configuration list for PBXNativeTarget "movieSearch_ObjC" */ = {
			isa = XCConfigurationList;
			buildConfigurations = (
				3B178D6E21554204006459C3 /* Debug */,
				3B178D6F21554204006459C3 /* Release */,
			);
			defaultConfigurationIsVisible = 0;
			defaultConfigurationName = Release;
		};
/* End XCConfigurationList section */
	};
	rootObject = 3B178D4F21554204006459C3 /* Project object */;
}
